
Microsoft Visual Studio Solution File, Format Version 12.00
# Visual Studio Version 16
VisualStudioVersion = 16.0.31613.86
MinimumVisualStudioVersion = 10.0.40219.1
Project("{9A19103F-16F7-4668-BE54-9A1E7A4F7556}") = "ServerBackendApi", "ServerBackendApi\ServerBackendApi.csproj", "{B6813E11-05F6-48BF-8694-08A29FB0C4F8}"
EndProject
Project("{FAE04EC0-301F-11D3-BF4B-00C04F79EFBC}") = "blazor-client-app", "blazor-client-app\blazor-client-app.csproj", "{4BA914F0-4A1A-4C85-9A9F-EF78FC07165E}"
EndProject
Global
	GlobalSection(SolutionConfigurationPlatforms) = preSolution
		Debug|Any CPU = Debug|Any CPU
		Release|Any CPU = Release|Any CPU
	EndGlobalSection
	GlobalSection(ProjectConfigurationPlatforms) = postSolution
		{B6813E11-05F6-48BF-8694-08A29FB0C4F8}.Debug|Any CPU.ActiveCfg = Debug|Any CPU
		{B6813E11-05F6-48BF-8694-08A29FB0C4F8}.Debug|Any CPU.Build.0 = Debug|Any CPU
		{B6813E11-05F6-48BF-8694-08A29FB0C4F8}.Release|Any CPU.ActiveCfg = Release|Any CPU
		{B6813E11-05F6-48BF-8694-08A29FB0C4F8}.Release|Any CPU.Build.0 = Release|Any CPU
		{4BA914F0-4A1A-4C85-9A9F-EF78FC07165E}.Debug|Any CPU.ActiveCfg = Debug|Any CPU
		{4BA914F0-4A1A-4C85-9A9F-EF78FC07165E}.Debug|Any CPU.Build.0 = Debug|Any CPU
		{4BA914F0-4A1A-4C85-9A9F-EF78FC07165E}.Release|Any CPU.ActiveCfg = Release|Any CPU
		{4BA914F0-4A1A-4C85-9A9F-EF78FC07165E}.Release|Any CPU.Build.0 = Release|Any CPU
	EndGlobalSection
	GlobalSection(SolutionProperties) = preSolution
		HideSolutionNode = FALSE
	EndGlobalSection
	GlobalSection(ExtensibilityGlobals) = postSolution
		SolutionGuid = {022514FD-191A-40C4-AF82-EDACF1C95097}
	EndGlobalSection
EndGlobal
